
Microsoft Visual Studio Solution File, Format Version 12.00
# Visual Studio 14
VisualStudioVersion = 14.0.25123.0
MinimumVisualStudioVersion = 10.0.40219.1
Project("{2150E333-8FDC-42A3-9474-1A3956D46DE8}") = "Topics", "Topics", "{FEFD19CD-7BB6-47DA-945B-2E4C8BF41AB4}"
EndProject
Project("{2150E333-8FDC-42A3-9474-1A3956D46DE8}") = "01. Introduction-to-Programming", "01. Introduction-to-Programming", "{D7512E6D-EACB-49DB-9AED-45D7E07013D3}"
EndProject
Project("{2150E333-8FDC-42A3-9474-1A3956D46DE8}") = "02. Data-Types-and-Variables", "02. Data-Types-and-Variables", "{878DBF98-6E34-4A18-BFB1-F595E129DD87}"
EndProject
Project("{2150E333-8FDC-42A3-9474-1A3956D46DE8}") = "03. Operators-and-Expressions", "03. Operators-and-Expressions", "{DF0D4BA0-A7CF-4BA0-A5D4-5AECFBA2E9F4}"
EndProject
Project("{2150E333-8FDC-42A3-9474-1A3956D46DE8}") = "homework", "homework", "{EC57AE79-089A-4147-892C-4C9D764FB501}"
EndProject
Project("{2150E333-8FDC-42A3-9474-1A3956D46DE8}") = "homework", "homework", "{5350868B-E460-4626-A822-80457EC5C9FF}"
EndProject
Project("{2150E333-8FDC-42A3-9474-1A3956D46DE8}") = "homework", "homework", "{BA44B1D8-61F6-44B0-AA15-F241F2E8F0F2}"
EndProject
Project("{FAE04EC0-301F-11D3-BF4B-00C04F79EFBC}") = "04. Hello World", "Topics\01. Introduction-to-Programming\homework\04. Hello World\04. Hello World.csproj", "{0FB761B7-C72B-4E83-A45D-C2EBEC747C33}"
EndProject
Project("{FAE04EC0-301F-11D3-BF4B-00C04F79EFBC}") = "06. Print Numbers", "Topics\01. Introduction-to-Programming\homework\06. Print Numbers\06. Print Numbers.csproj", "{639ED5A6-3727-42A8-BA65-0EDA9795DEE0}"
EndProject
Project("{FAE04EC0-301F-11D3-BF4B-00C04F79EFBC}") = "08. Square Root", "Topics\01. Introduction-to-Programming\homework\08. Square Root\08. Square Root.csproj", "{E9CEAE21-C67A-47FC-95ED-E6D307E5DD06}"
EndProject
Project("{FAE04EC0-301F-11D3-BF4B-00C04F79EFBC}") = "09. Print Sequence", "Topics\01. Introduction-to-Programming\homework\09. Print Sequence\09. Print Sequence.csproj", "{9BA2F3CB-15F9-4DE7-A36B-EBDA6A68C5A0}"
EndProject
Project("{FAE04EC0-301F-11D3-BF4B-00C04F79EFBC}") = "15. Age", "Topics\01. Introduction-to-Programming\homework\15. Age\15. Age.csproj", "{407ABC64-3598-434A-8DB8-2EEF52F98C82}"
EndProject
Project("{FAE04EC0-301F-11D3-BF4B-00C04F79EFBC}") = "07. Quotes in Strings", "Topics\02. Data-Types-and-Variables\homework\07. Quotes in Strings\07. Quotes in Strings.csproj", "{5C57AE0C-B25D-4FEA-A9ED-536D2D87D8CC}"
EndProject
Project("{FAE04EC0-301F-11D3-BF4B-00C04F79EFBC}") = "13. Comparing Floats", "Topics\02. Data-Types-and-Variables\homework\13. Comparing Floats\13. Comparing Floats.csproj", "{41C9B916-2735-4971-8EA1-D5457429FC94}"
EndProject
Project("{FAE04EC0-301F-11D3-BF4B-00C04F79EFBC}") = "14. Print the ASCII Table", "Topics\02. Data-Types-and-Variables\homework\14. Print the ASCII Table\14. Print the ASCII Table.csproj", "{48BA60FE-26A0-44B5-AF63-C3213D3D2620}"
EndProject
Project("{FAE04EC0-301F-11D3-BF4B-00C04F79EFBC}") = "01. Odd or Even", "Topics\03. Operators-and-Expressions\homework\01. Odd or Even\01. Odd or Even.csproj", "{715A462B-2609-4ABC-950E-E1FF63493A74}"
EndProject
Project("{FAE04EC0-301F-11D3-BF4B-00C04F79EFBC}") = "02. Moon Gravity", "Topics\03. Operators-and-Expressions\homework\02. Moon Gravity\02. Moon Gravity.csproj", "{B337D170-59CC-4B4C-9B5B-59BFEF89846F}"
EndProject
Project("{FAE04EC0-301F-11D3-BF4B-00C04F79EFBC}") = "03. Divide by 7 and 5", "Topics\03. Operators-and-Expressions\homework\03. Divide by 7 and 5\03. Divide by 7 and 5.csproj", "{3EA2D59A-3F74-4DBD-B923-44E221CBF66A}"
EndProject
Project("{FAE04EC0-301F-11D3-BF4B-00C04F79EFBC}") = "04. Rectangles", "Topics\03. Operators-and-Expressions\homework\04. Rectangles\04. Rectangles.csproj", "{8F936A8C-42E1-4CEB-9523-8F36164B1F26}"
EndProject
Project("{FAE04EC0-301F-11D3-BF4B-00C04F79EFBC}") = "05. Third digit", "Topics\03. Operators-and-Expressions\homework\05. Third digit\05. Third digit.csproj", "{1EB3F4E2-B640-400B-8121-657394A20607}"
EndProject
Project("{FAE04EC0-301F-11D3-BF4B-00C04F79EFBC}") = "06. Four digits", "Topics\03. Operators-and-Expressions\homework\06. Four digits\06. Four digits.csproj", "{0209852C-12D8-4144-BBE6-D8048A8A0772}"
EndProject
Project("{FAE04EC0-301F-11D3-BF4B-00C04F79EFBC}") = "07. Point in a circle", "Topics\03. Operators-and-Expressions\homework\07. Point in a circle\07. Point in a circle.csproj", "{0D2C108B-8D21-433B-AC82-5D2D3F41B6DB}"
EndProject
Project("{FAE04EC0-301F-11D3-BF4B-00C04F79EFBC}") = "08. Prime Check", "Topics\03. Operators-and-Expressions\homework\08. Prime Check\08. Prime Check.csproj", "{E8D9ED63-D2A6-44C1-A7BF-CB633DBB4E93}"
EndProject
Project("{FAE04EC0-301F-11D3-BF4B-00C04F79EFBC}") = "09. Trapezoids", "Topics\03. Operators-and-Expressions\homework\09. Trapezoids\09. Trapezoids.csproj", "{FA61F43B-2F7E-49B8-8BA7-95A10B8C4E6F}"
EndProject
Project("{FAE04EC0-301F-11D3-BF4B-00C04F79EFBC}") = "10. Point, Circle, Rectangle", "Topics\03. Operators-and-Expressions\homework\10. Point, Circle, Rectangle\10. Point, Circle, Rectangle.csproj", "{BA5CBA11-D766-4BED-AE40-5B3AD62C0E00}"
EndProject
Project("{FAE04EC0-301F-11D3-BF4B-00C04F79EFBC}") = "11. 3rd Bit", "Topics\03. Operators-and-Expressions\homework\11. 3rd Bit\11. 3rd Bit.csproj", "{88007143-F118-4FE4-B71D-D8116FD0D929}"
EndProject
Project("{FAE04EC0-301F-11D3-BF4B-00C04F79EFBC}") = "12. N-th bit", "Topics\03. Operators-and-Expressions\homework\12. N-th bit\12. N-th bit.csproj", "{763563B1-2CDA-4711-A85D-8ADF11DEF647}"
EndProject
Project("{FAE04EC0-301F-11D3-BF4B-00C04F79EFBC}") = "13. Modify Bit", "Topics\03. Operators-and-Expressions\homework\13. Modify Bit\13. Modify Bit.csproj", "{9192A184-3394-48BD-BEF6-3E7173CC01CC}"
EndProject
Project("{2150E333-8FDC-42A3-9474-1A3956D46DE8}") = "04. Console-In-and-Out", "04. Console-In-and-Out", "{C7FA971A-FEE9-407C-8409-D8169F134FB3}"
EndProject
Project("{FAE04EC0-301F-11D3-BF4B-00C04F79EFBC}") = "01. Sum of 3 numbers", "Topics\04. Console-In-and-Out\homework\01. Sum of 3 numbers\01. Sum of 3 numbers.csproj", "{E5CFBA31-F507-459B-9320-D7C35D9656D1}"
EndProject
Project("{FAE04EC0-301F-11D3-BF4B-00C04F79EFBC}") = "02. Company Info", "Topics\04. Console-In-and-Out\homework\02. Company Info\02. Company Info.csproj", "{3AAA9CA7-CE0F-4DDA-870F-F7CCC1DE411B}"
EndProject
Project("{FAE04EC0-301F-11D3-BF4B-00C04F79EFBC}") = "03. Circle", "Topics\04. Console-In-and-Out\homework\03. Circle\03. Circle.csproj", "{A852584C-591D-4350-9497-51881938EB01}"
EndProject
Project("{FAE04EC0-301F-11D3-BF4B-00C04F79EFBC}") = "05. Numbers Comparer", "Topics\04. Console-In-and-Out\homework\05. Numbers Comparer\05. Numbers Comparer.csproj", "{0A9331EA-2E97-4700-8631-450B76E799FE}"
EndProject
Project("{FAE04EC0-301F-11D3-BF4B-00C04F79EFBC}") = "06. Quadratic Equation", "Topics\04. Console-In-and-Out\homework\06. Quadratic Equation\06. Quadratic Equation.csproj", "{D7E29107-4D03-4FBF-917E-3839EB6D77A0}"
EndProject
Project("{FAE04EC0-301F-11D3-BF4B-00C04F79EFBC}") = "07. Sum of 5 Numbers", "Topics\04. Console-In-and-Out\homework\07. Sum of 5 Numbers\07. Sum of 5 Numbers.csproj", "{0BF91068-F2A6-4103-B280-0DD442004514}"
EndProject
Project("{FAE04EC0-301F-11D3-BF4B-00C04F79EFBC}") = "08. Numbers from 1 to n", "Topics\04. Console-In-and-Out\homework\08. Numbers from 1 to n\08. Numbers from 1 to n.csproj", "{E3727FB9-90F1-4742-830A-ACD09F9953B1}"
EndProject
Project("{FAE04EC0-301F-11D3-BF4B-00C04F79EFBC}") = "09. Sum of n Numbers", "Topics\04. Console-In-and-Out\homework\09. Sum of n Numbers\09. Sum of n Numbers.csproj", "{91ABB767-2460-4B59-921A-4579557BC2CD}"
EndProject
Project("{FAE04EC0-301F-11D3-BF4B-00C04F79EFBC}") = "11. Interval", "Topics\04. Console-In-and-Out\homework\11. Interval\11. Interval.csproj", "{790D4D34-7B90-454C-B241-FB7B869387F0}"
EndProject
Project("{FAE04EC0-301F-11D3-BF4B-00C04F79EFBC}") = "10. Fibonacci Numbers", "Topics\04. Console-In-and-Out\homework\10. Fibonacci Numbers\10. Fibonacci Numbers.csproj", "{CF759EFF-4B02-4D07-AB84-A49B2FA16F1B}"
EndProject
Project("{2150E333-8FDC-42A3-9474-1A3956D46DE8}") = "05. Conditional-Statements", "05. Conditional-Statements", "{F060E8C4-3246-47A5-81C6-DC12D730C4EF}"
EndProject
Project("{FAE04EC0-301F-11D3-BF4B-00C04F79EFBC}") = "01. Exchange If Greater", "Topics\05. Conditional-Statements\homework\01. Exchange If Greater\01. Exchange If Greater.csproj", "{BB466F1B-44C7-4C77-A1EE-643CB8395FC2}"
EndProject
Project("{FAE04EC0-301F-11D3-BF4B-00C04F79EFBC}") = "02. Bonus Score", "Topics\05. Conditional-Statements\homework\02. Bonus Score\02. Bonus Score.csproj", "{21D3EDB6-6EED-4FBF-980E-20BC709D3D2B}"
EndProject
Project("{FAE04EC0-301F-11D3-BF4B-00C04F79EFBC}") = "03. Check for a Play Card", "Topics\05. Conditional-Statements\homework\03. Check for a Play Card\03. Check for a Play Card.csproj", "{4F6404B4-0929-4EB7-B208-442FECD52D44}"
EndProject
Project("{FAE04EC0-301F-11D3-BF4B-00C04F79EFBC}") = "04. Multiplication Sign", "Topics\05. Conditional-Statements\homework\04. Multiplication Sign\04. Multiplication Sign.csproj", "{64ECC27F-31A0-44F5-B98E-2FD24306C1A6}"
EndProject
Project("{FAE04EC0-301F-11D3-BF4B-00C04F79EFBC}") = "05. Biggest of 3", "Topics\05. Conditional-Statements\homework\05. Biggest of 3\05. Biggest of 3.csproj", "{8C76F72A-4168-47C1-A0B5-09CEFFBFE61D}"
EndProject
Project("{FAE04EC0-301F-11D3-BF4B-00C04F79EFBC}") = "06. Biggest of 5", "Topics\05. Conditional-Statements\homework\06. Biggest of 5\06. Biggest of 5.csproj", "{FB5DA6D1-3409-4979-83AE-FAA36BE70FC8}"
EndProject
Project("{FAE04EC0-301F-11D3-BF4B-00C04F79EFBC}") = "07. Sort 3 Numbers", "Topics\05. Conditional-Statements\homework\07. Sort 3 Numbers\07. Sort 3 Numbers.csproj", "{09E37E96-C24F-4737-884C-5ACF84B44A76}"
EndProject
Project("{FAE04EC0-301F-11D3-BF4B-00C04F79EFBC}") = "08. Digit as Word", "Topics\05. Conditional-Statements\homework\08. Digit as Word\08. Digit as Word.csproj", "{0FC4ED0D-4B87-436F-8351-26D921549D56}"
EndProject
Project("{FAE04EC0-301F-11D3-BF4B-00C04F79EFBC}") = "09. Int, Double and String", "Topics\05. Conditional-Statements\homework\09. Int, Double and String\09. Int, Double and String.csproj", "{98627560-F5E5-4581-8CFE-6CF59B99BAD2}"
EndProject
Global
	GlobalSection(SolutionConfigurationPlatforms) = preSolution
		Debug|Any CPU = Debug|Any CPU
		Release|Any CPU = Release|Any CPU
	EndGlobalSection
	GlobalSection(ProjectConfigurationPlatforms) = postSolution
		{0FB761B7-C72B-4E83-A45D-C2EBEC747C33}.Debug|Any CPU.ActiveCfg = Debug|Any CPU
		{0FB761B7-C72B-4E83-A45D-C2EBEC747C33}.Debug|Any CPU.Build.0 = Debug|Any CPU
		{0FB761B7-C72B-4E83-A45D-C2EBEC747C33}.Release|Any CPU.ActiveCfg = Release|Any CPU
		{0FB761B7-C72B-4E83-A45D-C2EBEC747C33}.Release|Any CPU.Build.0 = Release|Any CPU
		{639ED5A6-3727-42A8-BA65-0EDA9795DEE0}.Debug|Any CPU.ActiveCfg = Debug|Any CPU
		{639ED5A6-3727-42A8-BA65-0EDA9795DEE0}.Debug|Any CPU.Build.0 = Debug|Any CPU
		{639ED5A6-3727-42A8-BA65-0EDA9795DEE0}.Release|Any CPU.ActiveCfg = Release|Any CPU
		{639ED5A6-3727-42A8-BA65-0EDA9795DEE0}.Release|Any CPU.Build.0 = Release|Any CPU
		{E9CEAE21-C67A-47FC-95ED-E6D307E5DD06}.Debug|Any CPU.ActiveCfg = Debug|Any CPU
		{E9CEAE21-C67A-47FC-95ED-E6D307E5DD06}.Debug|Any CPU.Build.0 = Debug|Any CPU
		{E9CEAE21-C67A-47FC-95ED-E6D307E5DD06}.Release|Any CPU.ActiveCfg = Release|Any CPU
		{E9CEAE21-C67A-47FC-95ED-E6D307E5DD06}.Release|Any CPU.Build.0 = Release|Any CPU
		{9BA2F3CB-15F9-4DE7-A36B-EBDA6A68C5A0}.Debug|Any CPU.ActiveCfg = Debug|Any CPU
		{9BA2F3CB-15F9-4DE7-A36B-EBDA6A68C5A0}.Debug|Any CPU.Build.0 = Debug|Any CPU
		{9BA2F3CB-15F9-4DE7-A36B-EBDA6A68C5A0}.Release|Any CPU.ActiveCfg = Release|Any CPU
		{9BA2F3CB-15F9-4DE7-A36B-EBDA6A68C5A0}.Release|Any CPU.Build.0 = Release|Any CPU
		{407ABC64-3598-434A-8DB8-2EEF52F98C82}.Debug|Any CPU.ActiveCfg = Debug|Any CPU
		{407ABC64-3598-434A-8DB8-2EEF52F98C82}.Debug|Any CPU.Build.0 = Debug|Any CPU
		{407ABC64-3598-434A-8DB8-2EEF52F98C82}.Release|Any CPU.ActiveCfg = Release|Any CPU
		{407ABC64-3598-434A-8DB8-2EEF52F98C82}.Release|Any CPU.Build.0 = Release|Any CPU
		{5C57AE0C-B25D-4FEA-A9ED-536D2D87D8CC}.Debug|Any CPU.ActiveCfg = Debug|Any CPU
		{5C57AE0C-B25D-4FEA-A9ED-536D2D87D8CC}.Debug|Any CPU.Build.0 = Debug|Any CPU
		{5C57AE0C-B25D-4FEA-A9ED-536D2D87D8CC}.Release|Any CPU.ActiveCfg = Release|Any CPU
		{5C57AE0C-B25D-4FEA-A9ED-536D2D87D8CC}.Release|Any CPU.Build.0 = Release|Any CPU
		{41C9B916-2735-4971-8EA1-D5457429FC94}.Debug|Any CPU.ActiveCfg = Debug|Any CPU
		{41C9B916-2735-4971-8EA1-D5457429FC94}.Debug|Any CPU.Build.0 = Debug|Any CPU
		{41C9B916-2735-4971-8EA1-D5457429FC94}.Release|Any CPU.ActiveCfg = Release|Any CPU
		{41C9B916-2735-4971-8EA1-D5457429FC94}.Release|Any CPU.Build.0 = Release|Any CPU
		{48BA60FE-26A0-44B5-AF63-C3213D3D2620}.Debug|Any CPU.ActiveCfg = Debug|Any CPU
		{48BA60FE-26A0-44B5-AF63-C3213D3D2620}.Debug|Any CPU.Build.0 = Debug|Any CPU
		{48BA60FE-26A0-44B5-AF63-C3213D3D2620}.Release|Any CPU.ActiveCfg = Release|Any CPU
		{48BA60FE-26A0-44B5-AF63-C3213D3D2620}.Release|Any CPU.Build.0 = Release|Any CPU
		{715A462B-2609-4ABC-950E-E1FF63493A74}.Debug|Any CPU.ActiveCfg = Debug|Any CPU
		{715A462B-2609-4ABC-950E-E1FF63493A74}.Debug|Any CPU.Build.0 = Debug|Any CPU
		{715A462B-2609-4ABC-950E-E1FF63493A74}.Release|Any CPU.ActiveCfg = Release|Any CPU
		{715A462B-2609-4ABC-950E-E1FF63493A74}.Release|Any CPU.Build.0 = Release|Any CPU
		{B337D170-59CC-4B4C-9B5B-59BFEF89846F}.Debug|Any CPU.ActiveCfg = Debug|Any CPU
		{B337D170-59CC-4B4C-9B5B-59BFEF89846F}.Debug|Any CPU.Build.0 = Debug|Any CPU
		{B337D170-59CC-4B4C-9B5B-59BFEF89846F}.Release|Any CPU.ActiveCfg = Release|Any CPU
		{B337D170-59CC-4B4C-9B5B-59BFEF89846F}.Release|Any CPU.Build.0 = Release|Any CPU
		{3EA2D59A-3F74-4DBD-B923-44E221CBF66A}.Debug|Any CPU.ActiveCfg = Debug|Any CPU
		{3EA2D59A-3F74-4DBD-B923-44E221CBF66A}.Debug|Any CPU.Build.0 = Debug|Any CPU
		{3EA2D59A-3F74-4DBD-B923-44E221CBF66A}.Release|Any CPU.ActiveCfg = Release|Any CPU
		{3EA2D59A-3F74-4DBD-B923-44E221CBF66A}.Release|Any CPU.Build.0 = Release|Any CPU
		{8F936A8C-42E1-4CEB-9523-8F36164B1F26}.Debug|Any CPU.ActiveCfg = Debug|Any CPU
		{8F936A8C-42E1-4CEB-9523-8F36164B1F26}.Debug|Any CPU.Build.0 = Debug|Any CPU
		{8F936A8C-42E1-4CEB-9523-8F36164B1F26}.Release|Any CPU.ActiveCfg = Release|Any CPU
		{8F936A8C-42E1-4CEB-9523-8F36164B1F26}.Release|Any CPU.Build.0 = Release|Any CPU
		{1EB3F4E2-B640-400B-8121-657394A20607}.Debug|Any CPU.ActiveCfg = Debug|Any CPU
		{1EB3F4E2-B640-400B-8121-657394A20607}.Debug|Any CPU.Build.0 = Debug|Any CPU
		{1EB3F4E2-B640-400B-8121-657394A20607}.Release|Any CPU.ActiveCfg = Release|Any CPU
		{1EB3F4E2-B640-400B-8121-657394A20607}.Release|Any CPU.Build.0 = Release|Any CPU
		{0209852C-12D8-4144-BBE6-D8048A8A0772}.Debug|Any CPU.ActiveCfg = Debug|Any CPU
		{0209852C-12D8-4144-BBE6-D8048A8A0772}.Debug|Any CPU.Build.0 = Debug|Any CPU
		{0209852C-12D8-4144-BBE6-D8048A8A0772}.Release|Any CPU.ActiveCfg = Release|Any CPU
		{0209852C-12D8-4144-BBE6-D8048A8A0772}.Release|Any CPU.Build.0 = Release|Any CPU
		{0D2C108B-8D21-433B-AC82-5D2D3F41B6DB}.Debug|Any CPU.ActiveCfg = Debug|Any CPU
		{0D2C108B-8D21-433B-AC82-5D2D3F41B6DB}.Debug|Any CPU.Build.0 = Debug|Any CPU
		{0D2C108B-8D21-433B-AC82-5D2D3F41B6DB}.Release|Any CPU.ActiveCfg = Release|Any CPU
		{0D2C108B-8D21-433B-AC82-5D2D3F41B6DB}.Release|Any CPU.Build.0 = Release|Any CPU
		{E8D9ED63-D2A6-44C1-A7BF-CB633DBB4E93}.Debug|Any CPU.ActiveCfg = Debug|Any CPU
		{E8D9ED63-D2A6-44C1-A7BF-CB633DBB4E93}.Debug|Any CPU.Build.0 = Debug|Any CPU
		{E8D9ED63-D2A6-44C1-A7BF-CB633DBB4E93}.Release|Any CPU.ActiveCfg = Release|Any CPU
		{E8D9ED63-D2A6-44C1-A7BF-CB633DBB4E93}.Release|Any CPU.Build.0 = Release|Any CPU
		{FA61F43B-2F7E-49B8-8BA7-95A10B8C4E6F}.Debug|Any CPU.ActiveCfg = Debug|Any CPU
		{FA61F43B-2F7E-49B8-8BA7-95A10B8C4E6F}.Debug|Any CPU.Build.0 = Debug|Any CPU
		{FA61F43B-2F7E-49B8-8BA7-95A10B8C4E6F}.Release|Any CPU.ActiveCfg = Release|Any CPU
		{FA61F43B-2F7E-49B8-8BA7-95A10B8C4E6F}.Release|Any CPU.Build.0 = Release|Any CPU
		{BA5CBA11-D766-4BED-AE40-5B3AD62C0E00}.Debug|Any CPU.ActiveCfg = Debug|Any CPU
		{BA5CBA11-D766-4BED-AE40-5B3AD62C0E00}.Debug|Any CPU.Build.0 = Debug|Any CPU
		{BA5CBA11-D766-4BED-AE40-5B3AD62C0E00}.Release|Any CPU.ActiveCfg = Release|Any CPU
		{BA5CBA11-D766-4BED-AE40-5B3AD62C0E00}.Release|Any CPU.Build.0 = Release|Any CPU
		{88007143-F118-4FE4-B71D-D8116FD0D929}.Debug|Any CPU.ActiveCfg = Debug|Any CPU
		{88007143-F118-4FE4-B71D-D8116FD0D929}.Debug|Any CPU.Build.0 = Debug|Any CPU
		{88007143-F118-4FE4-B71D-D8116FD0D929}.Release|Any CPU.ActiveCfg = Release|Any CPU
		{88007143-F118-4FE4-B71D-D8116FD0D929}.Release|Any CPU.Build.0 = Release|Any CPU
		{763563B1-2CDA-4711-A85D-8ADF11DEF647}.Debug|Any CPU.ActiveCfg = Debug|Any CPU
		{763563B1-2CDA-4711-A85D-8ADF11DEF647}.Debug|Any CPU.Build.0 = Debug|Any CPU
		{763563B1-2CDA-4711-A85D-8ADF11DEF647}.Release|Any CPU.ActiveCfg = Release|Any CPU
		{763563B1-2CDA-4711-A85D-8ADF11DEF647}.Release|Any CPU.Build.0 = Release|Any CPU
		{9192A184-3394-48BD-BEF6-3E7173CC01CC}.Debug|Any CPU.ActiveCfg = Debug|Any CPU
		{9192A184-3394-48BD-BEF6-3E7173CC01CC}.Debug|Any CPU.Build.0 = Debug|Any CPU
		{9192A184-3394-48BD-BEF6-3E7173CC01CC}.Release|Any CPU.ActiveCfg = Release|Any CPU
		{9192A184-3394-48BD-BEF6-3E7173CC01CC}.Release|Any CPU.Build.0 = Release|Any CPU
		{E5CFBA31-F507-459B-9320-D7C35D9656D1}.Debug|Any CPU.ActiveCfg = Debug|Any CPU
		{E5CFBA31-F507-459B-9320-D7C35D9656D1}.Debug|Any CPU.Build.0 = Debug|Any CPU
		{E5CFBA31-F507-459B-9320-D7C35D9656D1}.Release|Any CPU.ActiveCfg = Release|Any CPU
		{E5CFBA31-F507-459B-9320-D7C35D9656D1}.Release|Any CPU.Build.0 = Release|Any CPU
		{3AAA9CA7-CE0F-4DDA-870F-F7CCC1DE411B}.Debug|Any CPU.ActiveCfg = Debug|Any CPU
		{3AAA9CA7-CE0F-4DDA-870F-F7CCC1DE411B}.Debug|Any CPU.Build.0 = Debug|Any CPU
		{3AAA9CA7-CE0F-4DDA-870F-F7CCC1DE411B}.Release|Any CPU.ActiveCfg = Release|Any CPU
		{3AAA9CA7-CE0F-4DDA-870F-F7CCC1DE411B}.Release|Any CPU.Build.0 = Release|Any CPU
		{A852584C-591D-4350-9497-51881938EB01}.Debug|Any CPU.ActiveCfg = Debug|Any CPU
		{A852584C-591D-4350-9497-51881938EB01}.Debug|Any CPU.Build.0 = Debug|Any CPU
		{A852584C-591D-4350-9497-51881938EB01}.Release|Any CPU.ActiveCfg = Release|Any CPU
		{A852584C-591D-4350-9497-51881938EB01}.Release|Any CPU.Build.0 = Release|Any CPU
		{0A9331EA-2E97-4700-8631-450B76E799FE}.Debug|Any CPU.ActiveCfg = Debug|Any CPU
		{0A9331EA-2E97-4700-8631-450B76E799FE}.Debug|Any CPU.Build.0 = Debug|Any CPU
		{0A9331EA-2E97-4700-8631-450B76E799FE}.Release|Any CPU.ActiveCfg = Release|Any CPU
		{0A9331EA-2E97-4700-8631-450B76E799FE}.Release|Any CPU.Build.0 = Release|Any CPU
		{D7E29107-4D03-4FBF-917E-3839EB6D77A0}.Debug|Any CPU.ActiveCfg = Debug|Any CPU
		{D7E29107-4D03-4FBF-917E-3839EB6D77A0}.Debug|Any CPU.Build.0 = Debug|Any CPU
		{D7E29107-4D03-4FBF-917E-3839EB6D77A0}.Release|Any CPU.ActiveCfg = Release|Any CPU
		{D7E29107-4D03-4FBF-917E-3839EB6D77A0}.Release|Any CPU.Build.0 = Release|Any CPU
		{0BF91068-F2A6-4103-B280-0DD442004514}.Debug|Any CPU.ActiveCfg = Debug|Any CPU
		{0BF91068-F2A6-4103-B280-0DD442004514}.Debug|Any CPU.Build.0 = Debug|Any CPU
		{0BF91068-F2A6-4103-B280-0DD442004514}.Release|Any CPU.ActiveCfg = Release|Any CPU
		{0BF91068-F2A6-4103-B280-0DD442004514}.Release|Any CPU.Build.0 = Release|Any CPU
		{E3727FB9-90F1-4742-830A-ACD09F9953B1}.Debug|Any CPU.ActiveCfg = Debug|Any CPU
		{E3727FB9-90F1-4742-830A-ACD09F9953B1}.Debug|Any CPU.Build.0 = Debug|Any CPU
		{E3727FB9-90F1-4742-830A-ACD09F9953B1}.Release|Any CPU.ActiveCfg = Release|Any CPU
		{E3727FB9-90F1-4742-830A-ACD09F9953B1}.Release|Any CPU.Build.0 = Release|Any CPU
		{91ABB767-2460-4B59-921A-4579557BC2CD}.Debug|Any CPU.ActiveCfg = Debug|Any CPU
		{91ABB767-2460-4B59-921A-4579557BC2CD}.Debug|Any CPU.Build.0 = Debug|Any CPU
		{91ABB767-2460-4B59-921A-4579557BC2CD}.Release|Any CPU.ActiveCfg = Release|Any CPU
		{91ABB767-2460-4B59-921A-4579557BC2CD}.Release|Any CPU.Build.0 = Release|Any CPU
		{790D4D34-7B90-454C-B241-FB7B869387F0}.Debug|Any CPU.ActiveCfg = Debug|Any CPU
		{790D4D34-7B90-454C-B241-FB7B869387F0}.Debug|Any CPU.Build.0 = Debug|Any CPU
		{790D4D34-7B90-454C-B241-FB7B869387F0}.Release|Any CPU.ActiveCfg = Release|Any CPU
		{790D4D34-7B90-454C-B241-FB7B869387F0}.Release|Any CPU.Build.0 = Release|Any CPU
		{CF759EFF-4B02-4D07-AB84-A49B2FA16F1B}.Debug|Any CPU.ActiveCfg = Debug|Any CPU
		{CF759EFF-4B02-4D07-AB84-A49B2FA16F1B}.Debug|Any CPU.Build.0 = Debug|Any CPU
		{CF759EFF-4B02-4D07-AB84-A49B2FA16F1B}.Release|Any CPU.ActiveCfg = Release|Any CPU
		{CF759EFF-4B02-4D07-AB84-A49B2FA16F1B}.Release|Any CPU.Build.0 = Release|Any CPU
		{BB466F1B-44C7-4C77-A1EE-643CB8395FC2}.Debug|Any CPU.ActiveCfg = Debug|Any CPU
		{BB466F1B-44C7-4C77-A1EE-643CB8395FC2}.Debug|Any CPU.Build.0 = Debug|Any CPU
		{BB466F1B-44C7-4C77-A1EE-643CB8395FC2}.Release|Any CPU.ActiveCfg = Release|Any CPU
		{BB466F1B-44C7-4C77-A1EE-643CB8395FC2}.Release|Any CPU.Build.0 = Release|Any CPU
		{21D3EDB6-6EED-4FBF-980E-20BC709D3D2B}.Debug|Any CPU.ActiveCfg = Debug|Any CPU
		{21D3EDB6-6EED-4FBF-980E-20BC709D3D2B}.Debug|Any CPU.Build.0 = Debug|Any CPU
		{21D3EDB6-6EED-4FBF-980E-20BC709D3D2B}.Release|Any CPU.ActiveCfg = Release|Any CPU
		{21D3EDB6-6EED-4FBF-980E-20BC709D3D2B}.Release|Any CPU.Build.0 = Release|Any CPU
		{4F6404B4-0929-4EB7-B208-442FECD52D44}.Debug|Any CPU.ActiveCfg = Debug|Any CPU
		{4F6404B4-0929-4EB7-B208-442FECD52D44}.Debug|Any CPU.Build.0 = Debug|Any CPU
		{4F6404B4-0929-4EB7-B208-442FECD52D44}.Release|Any CPU.ActiveCfg = Release|Any CPU
		{4F6404B4-0929-4EB7-B208-442FECD52D44}.Release|Any CPU.Build.0 = Release|Any CPU
		{64ECC27F-31A0-44F5-B98E-2FD24306C1A6}.Debug|Any CPU.ActiveCfg = Debug|Any CPU
		{64ECC27F-31A0-44F5-B98E-2FD24306C1A6}.Debug|Any CPU.Build.0 = Debug|Any CPU
		{64ECC27F-31A0-44F5-B98E-2FD24306C1A6}.Release|Any CPU.ActiveCfg = Release|Any CPU
		{64ECC27F-31A0-44F5-B98E-2FD24306C1A6}.Release|Any CPU.Build.0 = Release|Any CPU
		{8C76F72A-4168-47C1-A0B5-09CEFFBFE61D}.Debug|Any CPU.ActiveCfg = Debug|Any CPU
		{8C76F72A-4168-47C1-A0B5-09CEFFBFE61D}.Debug|Any CPU.Build.0 = Debug|Any CPU
		{8C76F72A-4168-47C1-A0B5-09CEFFBFE61D}.Release|Any CPU.ActiveCfg = Release|Any CPU
		{8C76F72A-4168-47C1-A0B5-09CEFFBFE61D}.Release|Any CPU.Build.0 = Release|Any CPU
		{FB5DA6D1-3409-4979-83AE-FAA36BE70FC8}.Debug|Any CPU.ActiveCfg = Debug|Any CPU
		{FB5DA6D1-3409-4979-83AE-FAA36BE70FC8}.Debug|Any CPU.Build.0 = Debug|Any CPU
		{FB5DA6D1-3409-4979-83AE-FAA36BE70FC8}.Release|Any CPU.ActiveCfg = Release|Any CPU
		{FB5DA6D1-3409-4979-83AE-FAA36BE70FC8}.Release|Any CPU.Build.0 = Release|Any CPU
		{09E37E96-C24F-4737-884C-5ACF84B44A76}.Debug|Any CPU.ActiveCfg = Debug|Any CPU
		{09E37E96-C24F-4737-884C-5ACF84B44A76}.Debug|Any CPU.Build.0 = Debug|Any CPU
		{09E37E96-C24F-4737-884C-5ACF84B44A76}.Release|Any CPU.ActiveCfg = Release|Any CPU
		{09E37E96-C24F-4737-884C-5ACF84B44A76}.Release|Any CPU.Build.0 = Release|Any CPU
		{0FC4ED0D-4B87-436F-8351-26D921549D56}.Debug|Any CPU.ActiveCfg = Debug|Any CPU
		{0FC4ED0D-4B87-436F-8351-26D921549D56}.Debug|Any CPU.Build.0 = Debug|Any CPU
		{0FC4ED0D-4B87-436F-8351-26D921549D56}.Release|Any CPU.ActiveCfg = Release|Any CPU
		{0FC4ED0D-4B87-436F-8351-26D921549D56}.Release|Any CPU.Build.0 = Release|Any CPU
		{98627560-F5E5-4581-8CFE-6CF59B99BAD2}.Debug|Any CPU.ActiveCfg = Debug|Any CPU
		{98627560-F5E5-4581-8CFE-6CF59B99BAD2}.Debug|Any CPU.Build.0 = Debug|Any CPU
		{98627560-F5E5-4581-8CFE-6CF59B99BAD2}.Release|Any CPU.ActiveCfg = Release|Any CPU
		{98627560-F5E5-4581-8CFE-6CF59B99BAD2}.Release|Any CPU.Build.0 = Release|Any CPU
	EndGlobalSection
	GlobalSection(SolutionProperties) = preSolution
		HideSolutionNode = FALSE
	EndGlobalSection
	GlobalSection(NestedProjects) = preSolution
		{D7512E6D-EACB-49DB-9AED-45D7E07013D3} = {FEFD19CD-7BB6-47DA-945B-2E4C8BF41AB4}
		{878DBF98-6E34-4A18-BFB1-F595E129DD87} = {FEFD19CD-7BB6-47DA-945B-2E4C8BF41AB4}
		{DF0D4BA0-A7CF-4BA0-A5D4-5AECFBA2E9F4} = {FEFD19CD-7BB6-47DA-945B-2E4C8BF41AB4}
		{EC57AE79-089A-4147-892C-4C9D764FB501} = {D7512E6D-EACB-49DB-9AED-45D7E07013D3}
		{5350868B-E460-4626-A822-80457EC5C9FF} = {878DBF98-6E34-4A18-BFB1-F595E129DD87}
		{BA44B1D8-61F6-44B0-AA15-F241F2E8F0F2} = {DF0D4BA0-A7CF-4BA0-A5D4-5AECFBA2E9F4}
		{0FB761B7-C72B-4E83-A45D-C2EBEC747C33} = {EC57AE79-089A-4147-892C-4C9D764FB501}
		{639ED5A6-3727-42A8-BA65-0EDA9795DEE0} = {EC57AE79-089A-4147-892C-4C9D764FB501}
		{E9CEAE21-C67A-47FC-95ED-E6D307E5DD06} = {EC57AE79-089A-4147-892C-4C9D764FB501}
		{9BA2F3CB-15F9-4DE7-A36B-EBDA6A68C5A0} = {EC57AE79-089A-4147-892C-4C9D764FB501}
		{407ABC64-3598-434A-8DB8-2EEF52F98C82} = {EC57AE79-089A-4147-892C-4C9D764FB501}
		{5C57AE0C-B25D-4FEA-A9ED-536D2D87D8CC} = {5350868B-E460-4626-A822-80457EC5C9FF}
		{41C9B916-2735-4971-8EA1-D5457429FC94} = {5350868B-E460-4626-A822-80457EC5C9FF}
		{48BA60FE-26A0-44B5-AF63-C3213D3D2620} = {5350868B-E460-4626-A822-80457EC5C9FF}
		{715A462B-2609-4ABC-950E-E1FF63493A74} = {BA44B1D8-61F6-44B0-AA15-F241F2E8F0F2}
		{B337D170-59CC-4B4C-9B5B-59BFEF89846F} = {BA44B1D8-61F6-44B0-AA15-F241F2E8F0F2}
		{3EA2D59A-3F74-4DBD-B923-44E221CBF66A} = {BA44B1D8-61F6-44B0-AA15-F241F2E8F0F2}
		{8F936A8C-42E1-4CEB-9523-8F36164B1F26} = {BA44B1D8-61F6-44B0-AA15-F241F2E8F0F2}
		{1EB3F4E2-B640-400B-8121-657394A20607} = {BA44B1D8-61F6-44B0-AA15-F241F2E8F0F2}
		{0209852C-12D8-4144-BBE6-D8048A8A0772} = {BA44B1D8-61F6-44B0-AA15-F241F2E8F0F2}
		{0D2C108B-8D21-433B-AC82-5D2D3F41B6DB} = {BA44B1D8-61F6-44B0-AA15-F241F2E8F0F2}
		{E8D9ED63-D2A6-44C1-A7BF-CB633DBB4E93} = {BA44B1D8-61F6-44B0-AA15-F241F2E8F0F2}
		{FA61F43B-2F7E-49B8-8BA7-95A10B8C4E6F} = {BA44B1D8-61F6-44B0-AA15-F241F2E8F0F2}
		{BA5CBA11-D766-4BED-AE40-5B3AD62C0E00} = {BA44B1D8-61F6-44B0-AA15-F241F2E8F0F2}
		{88007143-F118-4FE4-B71D-D8116FD0D929} = {BA44B1D8-61F6-44B0-AA15-F241F2E8F0F2}
		{763563B1-2CDA-4711-A85D-8ADF11DEF647} = {BA44B1D8-61F6-44B0-AA15-F241F2E8F0F2}
		{9192A184-3394-48BD-BEF6-3E7173CC01CC} = {BA44B1D8-61F6-44B0-AA15-F241F2E8F0F2}
		{C7FA971A-FEE9-407C-8409-D8169F134FB3} = {FEFD19CD-7BB6-47DA-945B-2E4C8BF41AB4}
		{E5CFBA31-F507-459B-9320-D7C35D9656D1} = {C7FA971A-FEE9-407C-8409-D8169F134FB3}
		{3AAA9CA7-CE0F-4DDA-870F-F7CCC1DE411B} = {C7FA971A-FEE9-407C-8409-D8169F134FB3}
		{A852584C-591D-4350-9497-51881938EB01} = {C7FA971A-FEE9-407C-8409-D8169F134FB3}
		{0A9331EA-2E97-4700-8631-450B76E799FE} = {C7FA971A-FEE9-407C-8409-D8169F134FB3}
		{D7E29107-4D03-4FBF-917E-3839EB6D77A0} = {C7FA971A-FEE9-407C-8409-D8169F134FB3}
		{0BF91068-F2A6-4103-B280-0DD442004514} = {C7FA971A-FEE9-407C-8409-D8169F134FB3}
		{E3727FB9-90F1-4742-830A-ACD09F9953B1} = {C7FA971A-FEE9-407C-8409-D8169F134FB3}
		{91ABB767-2460-4B59-921A-4579557BC2CD} = {C7FA971A-FEE9-407C-8409-D8169F134FB3}
		{790D4D34-7B90-454C-B241-FB7B869387F0} = {C7FA971A-FEE9-407C-8409-D8169F134FB3}
		{CF759EFF-4B02-4D07-AB84-A49B2FA16F1B} = {C7FA971A-FEE9-407C-8409-D8169F134FB3}
		{F060E8C4-3246-47A5-81C6-DC12D730C4EF} = {FEFD19CD-7BB6-47DA-945B-2E4C8BF41AB4}
		{BB466F1B-44C7-4C77-A1EE-643CB8395FC2} = {F060E8C4-3246-47A5-81C6-DC12D730C4EF}
		{21D3EDB6-6EED-4FBF-980E-20BC709D3D2B} = {F060E8C4-3246-47A5-81C6-DC12D730C4EF}
		{4F6404B4-0929-4EB7-B208-442FECD52D44} = {F060E8C4-3246-47A5-81C6-DC12D730C4EF}
		{64ECC27F-31A0-44F5-B98E-2FD24306C1A6} = {F060E8C4-3246-47A5-81C6-DC12D730C4EF}
		{8C76F72A-4168-47C1-A0B5-09CEFFBFE61D} = {F060E8C4-3246-47A5-81C6-DC12D730C4EF}
		{FB5DA6D1-3409-4979-83AE-FAA36BE70FC8} = {F060E8C4-3246-47A5-81C6-DC12D730C4EF}
		{09E37E96-C24F-4737-884C-5ACF84B44A76} = {F060E8C4-3246-47A5-81C6-DC12D730C4EF}
		{0FC4ED0D-4B87-436F-8351-26D921549D56} = {F060E8C4-3246-47A5-81C6-DC12D730C4EF}
		{98627560-F5E5-4581-8CFE-6CF59B99BAD2} = {F060E8C4-3246-47A5-81C6-DC12D730C4EF}
	EndGlobalSection
EndGlobal
